{
  "version": 4,
  "terraform_version": "0.12.24",
  "serial": 22,
  "lineage": "2f7a043a-b310-9cbf-26ac-f6d1590cc08a",
  "outputs": {},
  "resources": [
    {
      "module": "module.network_firewall",
      "mode": "managed",
      "type": "google_compute_network",
      "name": "vpc_network",
      "provider": "provider.google",
      "instances": [
        {
          "schema_version": 0,
          "attributes": {
            "auto_create_subnetworks": false,
            "delete_default_routes_on_create": false,
            "description": "",
            "gateway_ipv4": "",
            "id": "projects/nokia-tcs-enablement/global/networks/vpc-test1",
            "mtu": 0,
            "name": "vpc-test1",
            "project": "nokia-tcs-enablement",
            "routing_mode": "REGIONAL",
            "self_link": "https://www.googleapis.com/compute/v1/projects/nokia-tcs-enablement/global/networks/vpc-test1",
            "timeouts": null
          }
        }
      ]
    },
    {
      "module": "module.network_firewall",
      "mode": "managed",
      "type": "google_project_service",
      "name": "gcp_services",
      "each": "list",
      "provider": "provider.google",
      "instances": []
    }
  ]
}
