{
  "version": 4,
  "terraform_version": "0.12.24",
  "serial": 13,
  "lineage": "2f7a043a-b310-9cbf-26ac-f6d1590cc08a",
  "outputs": {},
  "resources": [
    {
      "module": "module.network_firewall",
      "mode": "data",
      "type": "google_compute_network",
      "name": "data-network",
      "provider": "provider.google",
      "instances": [
        {
          "schema_version": 0,
          "attributes": {
            "description": "",
            "gateway_ipv4": "",
            "id": "projects/nokia-tcs-enablement/global/networks/vpc-test1",
            "name": "vpc-test1",
            "project": null,
            "self_link": "https://www.googleapis.com/compute/v1/projects/nokia-tcs-enablement/global/networks/vpc-test1",
            "subnetworks_self_links": [
              "https://www.googleapis.com/compute/v1/projects/nokia-tcs-enablement/regions/us-central1/subnetworks/test-subnetwork"
            ]
          }
        }
      ]
    },
    {
      "module": "module.network_firewall",
      "mode": "data",
      "type": "google_compute_network",
      "name": "network-data",
      "provider": "provider.google",
      "instances": [
        {
          "schema_version": 0,
          "attributes": {
            "description": "",
            "gateway_ipv4": "",
            "id": "projects/nokia-tcs-enablement/global/networks/vpc-test1",
            "name": "vpc-test1",
            "project": null,
            "self_link": "https://www.googleapis.com/compute/v1/projects/nokia-tcs-enablement/global/networks/vpc-test1",
            "subnetworks_self_links": [
              "https://www.googleapis.com/compute/v1/projects/nokia-tcs-enablement/regions/us-central1/subnetworks/test-subnetwork"
            ]
          }
        }
      ]
    },
    {
      "module": "module.network_firewall",
      "mode": "managed",
      "type": "google_compute_address",
      "name": "internal_address",
      "provider": "provider.google",
      "instances": [
        {
          "schema_version": 0,
          "attributes": {
            "address": "10.2.0.2",
            "address_type": "INTERNAL",
            "creation_timestamp": "2021-04-07T06:31:46.864-07:00",
            "description": "",
            "id": "projects/nokia-tcs-enablement/regions/us-central1/addresses/test-ip",
            "name": "test-ip",
            "network_tier": "PREMIUM",
            "project": "nokia-tcs-enablement",
            "purpose": "GCE_ENDPOINT",
            "region": "us-central1",
            "self_link": "https://www.googleapis.com/compute/v1/projects/nokia-tcs-enablement/regions/us-central1/addresses/test-ip",
            "subnetwork": "https://www.googleapis.com/compute/v1/projects/nokia-tcs-enablement/regions/us-central1/subnetworks/test-subnetwork",
            "timeouts": null,
            "users": []
          },
          "private": "eyJlMmJmYjczMC1lY2FhLTExZTYtOGY4OC0zNDM2M2JjN2M0YzAiOnsiY3JlYXRlIjoyNDAwMDAwMDAwMDAsImRlbGV0ZSI6MjQwMDAwMDAwMDAwfX0=",
          "dependencies": [
            "module.network_firewall.google_compute_subnetwork.subnetwork"
          ]
        }
      ]
    },
    {
      "module": "module.network_firewall",
      "mode": "managed",
      "type": "google_compute_firewall",
      "name": "firewall_netapp",
      "provider": "provider.google",
      "instances": [
        {
          "schema_version": 1,
          "attributes": {
            "allow": [
              {
                "ports": [
                  "80",
                  "22"
                ],
                "protocol": "tcp"
              }
            ],
            "creation_timestamp": "2021-04-07T06:23:36.390-07:00",
            "deny": [],
            "description": "Creates firewall rule for target instances",
            "destination_ranges": [],
            "direction": "INGRESS",
            "disabled": false,
            "enable_logging": null,
            "id": "projects/nokia-tcs-enablement/global/firewalls/vpc-vpc-test1-firewall-test",
            "log_config": [],
            "name": "vpc-vpc-test1-firewall-test",
            "network": "https://www.googleapis.com/compute/v1/projects/nokia-tcs-enablement/global/networks/vpc-test1",
            "priority": 1000,
            "project": "nokia-tcs-enablement",
            "self_link": "https://www.googleapis.com/compute/v1/projects/nokia-tcs-enablement/global/firewalls/vpc-vpc-test1-firewall-test",
            "source_ranges": [
              "0.0.0.0/0"
            ],
            "source_service_accounts": [],
            "source_tags": [],
            "target_service_accounts": [],
            "target_tags": [
              "test"
            ],
            "timeouts": null
          },
          "private": "eyJlMmJmYjczMC1lY2FhLTExZTYtOGY4OC0zNDM2M2JjN2M0YzAiOnsiY3JlYXRlIjoyNDAwMDAwMDAwMDAsImRlbGV0ZSI6MjQwMDAwMDAwMDAwLCJ1cGRhdGUiOjI0MDAwMDAwMDAwMH0sInNjaGVtYV92ZXJzaW9uIjoiMSJ9"
        }
      ]
    },
    {
      "module": "module.network_firewall",
      "mode": "managed",
      "type": "google_compute_network",
      "name": "vpc_network",
      "provider": "provider.google",
      "instances": [
        {
          "schema_version": 0,
          "attributes": {
            "auto_create_subnetworks": false,
            "delete_default_routes_on_create": false,
            "description": "",
            "gateway_ipv4": "",
            "id": "projects/nokia-tcs-enablement/global/networks/vpc-test1",
            "mtu": 0,
            "name": "vpc-test1",
            "project": "nokia-tcs-enablement",
            "routing_mode": "REGIONAL",
            "self_link": "https://www.googleapis.com/compute/v1/projects/nokia-tcs-enablement/global/networks/vpc-test1",
            "timeouts": null
          },
          "private": "eyJlMmJmYjczMC1lY2FhLTExZTYtOGY4OC0zNDM2M2JjN2M0YzAiOnsiY3JlYXRlIjoyNDAwMDAwMDAwMDAsImRlbGV0ZSI6MjQwMDAwMDAwMDAwLCJ1cGRhdGUiOjI0MDAwMDAwMDAwMH19"
        }
      ]
    },
    {
      "module": "module.network_firewall",
      "mode": "managed",
      "type": "google_compute_subnetwork",
      "name": "subnetwork",
      "provider": "provider.google",
      "instances": [
        {
          "schema_version": 0,
          "attributes": {
            "creation_timestamp": "2021-04-07T06:23:36.540-07:00",
            "description": "",
            "fingerprint": null,
            "gateway_address": "10.2.0.1",
            "id": "projects/nokia-tcs-enablement/regions/us-central1/subnetworks/test-subnetwork",
            "ip_cidr_range": "10.2.0.0/16",
            "log_config": [],
            "name": "test-subnetwork",
            "network": "https://www.googleapis.com/compute/v1/projects/nokia-tcs-enablement/global/networks/vpc-test1",
            "private_ip_google_access": false,
            "private_ipv6_google_access": "DISABLE_GOOGLE_ACCESS",
            "project": "nokia-tcs-enablement",
            "region": "us-central1",
            "secondary_ip_range": [],
            "self_link": "https://www.googleapis.com/compute/v1/projects/nokia-tcs-enablement/regions/us-central1/subnetworks/test-subnetwork",
            "timeouts": null
          },
          "private": "eyJlMmJmYjczMC1lY2FhLTExZTYtOGY4OC0zNDM2M2JjN2M0YzAiOnsiY3JlYXRlIjozNjAwMDAwMDAwMDAsImRlbGV0ZSI6MzYwMDAwMDAwMDAwLCJ1cGRhdGUiOjM2MDAwMDAwMDAwMH19"
        }
      ]
    },
    {
      "module": "module.network_firewall",
      "mode": "managed",
      "type": "google_kms_crypto_key",
      "name": "my_crypto_key",
      "provider": "provider.google",
      "instances": [
        {
          "schema_version": 1,
          "attributes": {
            "id": "projects/nokia-tcs-enablement/locations/us-central1/keyRings/my-key-ring/cryptoKeys/my-crypto-key",
            "key_ring": "projects/nokia-tcs-enablement/locations/us-central1/keyRings/my-key-ring",
            "labels": {},
            "name": "my-crypto-key",
            "purpose": "ENCRYPT_DECRYPT",
            "rotation_period": "",
            "self_link": "projects/nokia-tcs-enablement/locations/us-central1/keyRings/my-key-ring/cryptoKeys/my-crypto-key",
            "skip_initial_version_creation": false,
            "timeouts": null,
            "version_template": [
              {
                "algorithm": "GOOGLE_SYMMETRIC_ENCRYPTION",
                "protection_level": "SOFTWARE"
              }
            ]
          },
          "private": "eyJlMmJmYjczMC1lY2FhLTExZTYtOGY4OC0zNDM2M2JjN2M0YzAiOnsiY3JlYXRlIjoyNDAwMDAwMDAwMDAsImRlbGV0ZSI6MjQwMDAwMDAwMDAwLCJ1cGRhdGUiOjI0MDAwMDAwMDAwMH0sInNjaGVtYV92ZXJzaW9uIjoiMSJ9",
          "dependencies": [
            "module.network_firewall.google_kms_key_ring.my_key_ring"
          ]
        }
      ]
    },
    {
      "module": "module.network_firewall",
      "mode": "managed",
      "type": "google_kms_key_ring",
      "name": "my_key_ring",
      "provider": "provider.google",
      "instances": [
        {
          "schema_version": 0,
          "attributes": {
            "id": "projects/nokia-tcs-enablement/locations/us-central1/keyRings/my-key-ring",
            "location": "us-central1",
            "name": "my-key-ring",
            "project": "nokia-tcs-enablement",
            "self_link": "projects/nokia-tcs-enablement/locations/us-central1/keyRings/my-key-ring",
            "timeouts": null
          },
          "private": "eyJlMmJmYjczMC1lY2FhLTExZTYtOGY4OC0zNDM2M2JjN2M0YzAiOnsiY3JlYXRlIjoyNDAwMDAwMDAwMDAsImRlbGV0ZSI6MjQwMDAwMDAwMDAwfX0="
        }
      ]
    },
    {
      "module": "module.network_firewall",
      "mode": "managed",
      "type": "google_project_service",
      "name": "gcp_services",
      "each": "list",
      "provider": "provider.google",
      "instances": []
    },
    {
      "module": "module.network_firewall",
      "mode": "managed",
      "type": "random_string",
      "name": "random",
      "provider": "provider.random",
      "instances": [
        {
          "schema_version": 1,
          "attributes": {
            "id": "u4uiah",
            "keepers": null,
            "length": 6,
            "lower": true,
            "min_lower": 0,
            "min_numeric": 0,
            "min_special": 0,
            "min_upper": 0,
            "number": true,
            "override_special": null,
            "result": "u4uiah",
            "special": false,
            "upper": false
          },
          "private": "eyJzY2hlbWFfdmVyc2lvbiI6IjEifQ=="
        }
      ]
    }
  ]
}
